
Microsoft Visual Studio Solution File, Format Version 12.00
# Visual Studio Version 17
VisualStudioVersion = 17.8.34525.116
MinimumVisualStudioVersion = 10.0.40219.1
Project("{9A19103F-16F7-4668-BE54-9A1E7A4F7556}") = "TesseractApi", "TesseractApi\TesseractApi.csproj", "{B0803BDE-7EA9-40F2-B934-8D7E3D901A1B}"
EndProject
Project("{2150E333-8FDC-42A3-9474-1A3956D46DE8}") = "Solution Items", "Solution Items", "{6BE42E86-8235-4DC6-981D-2F82B7B251C9}"
	ProjectSection(SolutionItems) = preProject
		README.md = README.md
	EndProjectSection
EndProject
Project("{E53339B2-1760-4266-BCC7-CA923CBCF16C}") = "docker-compose", "docker-compose.dcproj", "{76499773-9580-478A-93F6-F1471D029B2B}"
EndProject
Global
	GlobalSection(SolutionConfigurationPlatforms) = preSolution
		Debug|Any CPU = Debug|Any CPU
		Release|Any CPU = Release|Any CPU
	EndGlobalSection
	GlobalSection(ProjectConfigurationPlatforms) = postSolution
		{B0803BDE-7EA9-40F2-B934-8D7E3D901A1B}.Debug|Any CPU.ActiveCfg = Debug|Any CPU
		{B0803BDE-7EA9-40F2-B934-8D7E3D901A1B}.Debug|Any CPU.Build.0 = Debug|Any CPU
		{B0803BDE-7EA9-40F2-B934-8D7E3D901A1B}.Release|Any CPU.ActiveCfg = Release|Any CPU
		{B0803BDE-7EA9-40F2-B934-8D7E3D901A1B}.Release|Any CPU.Build.0 = Release|Any CPU
		{76499773-9580-478A-93F6-F1471D029B2B}.Debug|Any CPU.ActiveCfg = Debug|Any CPU
		{76499773-9580-478A-93F6-F1471D029B2B}.Debug|Any CPU.Build.0 = Debug|Any CPU
		{76499773-9580-478A-93F6-F1471D029B2B}.Release|Any CPU.ActiveCfg = Release|Any CPU
		{76499773-9580-478A-93F6-F1471D029B2B}.Release|Any CPU.Build.0 = Release|Any CPU
	EndGlobalSection
	GlobalSection(SolutionProperties) = preSolution
		HideSolutionNode = FALSE
	EndGlobalSection
	GlobalSection(ExtensibilityGlobals) = postSolution
		SolutionGuid = {3F5629C8-F5AF-40A5-8A3D-F597F46AB88D}
	EndGlobalSection
EndGlobal
